Microsoft Visual Studio Solution File, Format Version 12.00
# Visual Studio Version 17
VisualStudioVersion = 17.5.2.0
MinimumVisualStudioVersion = 10.0.40219.1
Project("{FAE04EC0-301F-11D3-BF4B-00C04F79EFBC}") = "4d_julia_set", "4d_julia_set.csproj", "{AE9698F7-7987-A609-8DC0-CCBE017A825D}"
EndProject
Global
	GlobalSection(SolutionConfigurationPlatforms) = preSolution
		Debug|Any CPU = Debug|Any CPU
		Release|Any CPU = Release|Any CPU
	EndGlobalSection
	GlobalSection(ProjectConfigurationPlatforms) = postSolution
		{AE9698F7-7987-A609-8DC0-CCBE017A825D}.Debug|Any CPU.ActiveCfg = Debug|Any CPU
		{AE9698F7-7987-A609-8DC0-CCBE017A825D}.Debug|Any CPU.Build.0 = Debug|Any CPU
		{AE9698F7-7987-A609-8DC0-CCBE017A825D}.Release|Any CPU.ActiveCfg = Release|Any CPU
		{AE9698F7-7987-A609-8DC0-CCBE017A825D}.Release|Any CPU.Build.0 = Release|Any CPU
	EndGlobalSection
	GlobalSection(SolutionProperties) = preSolution
		HideSolutionNode = FALSE
	EndGlobalSection
	GlobalSection(ExtensibilityGlobals) = postSolution
		SolutionGuid = {83BE8B29-FA2C-43EC-AE89-8822929D9157}
	EndGlobalSection
EndGlobal
